
Microsoft Visual Studio Solution File, Format Version 12.00
# Visual Studio Version 16
VisualStudioVersion = 16.0.29911.84
MinimumVisualStudioVersion = 10.0.40219.1
Project("{FAE04EC0-301F-11D3-BF4B-00C04F79EFBC}") = "B191210071_EzgiBAGCIK_odev3", "B191210071_EzgiBAGCIK_odev3\B191210071_EzgiBAGCIK_odev3.csproj", "{C1376BC8-0730-461C-BE5D-02CE11BFE10D}"
EndProject
Global
	GlobalSection(SolutionConfigurationPlatforms) = preSolution
		Debug|Any CPU = Debug|Any CPU
		Release|Any CPU = Release|Any CPU
	EndGlobalSection
	GlobalSection(ProjectConfigurationPlatforms) = postSolution
		{C1376BC8-0730-461C-BE5D-02CE11BFE10D}.Debug|Any CPU.ActiveCfg = Debug|Any CPU
		{C1376BC8-0730-461C-BE5D-02CE11BFE10D}.Debug|Any CPU.Build.0 = Debug|Any CPU
		{C1376BC8-0730-461C-BE5D-02CE11BFE10D}.Release|Any CPU.ActiveCfg = Release|Any CPU
		{C1376BC8-0730-461C-BE5D-02CE11BFE10D}.Release|Any CPU.Build.0 = Release|Any CPU
	EndGlobalSection
	GlobalSection(SolutionProperties) = preSolution
		HideSolutionNode = FALSE
	EndGlobalSection
	GlobalSection(ExtensibilityGlobals) = postSolution
		SolutionGuid = {834B2190-DD41-4141-B332-0A2E44E7B340}
	EndGlobalSection
EndGlobal
